{
  "name": "unklogger",
  "version": "2.4.0",
  "lockfileVersion": 3,
  "requires": true,
  "packages": {
    "": {
      "name": "unklogger",
      "version": "2.4.0",
      "license": "MIT",
      "dependencies": {
        "chalk": "^5.6.2"
      },
      "devDependencies": {
        "chai": "^6.0.1"
      },
      "engines": {
        "node": ">= 18"
      }
    },
    "node_modules/chai": {
      "version": "6.0.1",
      "resolved": "https://registry.npmjs.org/chai/-/chai-6.0.1.tgz",
      "integrity": "sha512-/JOoU2//6p5vCXh00FpNgtlw0LjvhGttaWc+y7wpW9yjBm3ys0dI8tSKZxIOgNruz5J0RleccatSIC3uxEZP0g==",
      "dev": true,
      "license": "MIT",
      "engines": {
        "node": ">=18"
      }
    },
    "node_modules/chalk": {
      "version": "5.6.2",
      "resolved": "https://registry.npmjs.org/chalk/-/chalk-5.6.2.tgz",
      "integrity": "sha512-7NzBL0rN6fMUW+f7A6Io4h40qQlG+xGmtMxfbnH/K7TAtt8JQWVQK+6g0UXKMeVJoyV5EkkNsErQ8pVD3bLHbA==",
      "license": "MIT",
      "engines": {
        "node": "^12.17.0 || ^14.13 || >=16.0.0"
      },
      "funding": {
        "url": "https://github.com/chalk/chalk?sponsor=1"
      }
    }
  }
}
